
Microsoft Visual Studio Solution File, Format Version 12.00
# Visual Studio Version 17
VisualStudioVersion = 17.13.35818.85
MinimumVisualStudioVersion = 10.0.40219.1
Project("{FAE04EC0-301F-11D3-BF4B-00C04F79EFBC}") = "LibrarySystem", "LibrarySystem\LibrarySystem.csproj", "{240CAB41-9D46-494A-9107-72A256ACCC5C}"
EndProject
Global
	GlobalSection(SolutionConfigurationPlatforms) = preSolution
		Debug|Any CPU = Debug|Any CPU
		Release|Any CPU = Release|Any CPU
	EndGlobalSection
	GlobalSection(ProjectConfigurationPlatforms) = postSolution
		{240CAB41-9D46-494A-9107-72A256ACCC5C}.Debug|Any CPU.ActiveCfg = Debug|Any CPU
		{240CAB41-9D46-494A-9107-72A256ACCC5C}.Debug|Any CPU.Build.0 = Debug|Any CPU
		{240CAB41-9D46-494A-9107-72A256ACCC5C}.Release|Any CPU.ActiveCfg = Release|Any CPU
		{240CAB41-9D46-494A-9107-72A256ACCC5C}.Release|Any CPU.Build.0 = Release|Any CPU
	EndGlobalSection
	GlobalSection(SolutionProperties) = preSolution
		HideSolutionNode = FALSE
	EndGlobalSection
	GlobalSection(ExtensibilityGlobals) = postSolution
		SolutionGuid = {3BFB4089-DA2F-481C-A642-B5D6A2CD3A93}
	EndGlobalSection
EndGlobal
